# This file is automatically @generated by Cargo.
# It is not intended for manual editing.
version = 3

[[package]]
name = "autocfg"
version = "1.1.0"
source = "registry+https://github.com/rust-lang/crates.io-index"
checksum = "d468802bab17cbc0cc575e9b053f41e72aa36bfa6b7f55e3529ffa43161b97fa"

[[package]]
name = "bytes"
version = "1.2.1"
source = "registry+https://github.com/rust-lang/crates.io-index"
checksum = "ec8a7b6a70fde80372154c65702f00a0f56f3e1c36abbc6c440484be248856db"

[[package]]
name = "memchr"
version = "2.5.0"
source = "registry+https://github.com/rust-lang/crates.io-index"
checksum = "2dffe52ecf27772e601905b7522cb4ef790d2cc203488bbd0e2fe85fcb74566d"

[[package]]
name = "minidom"
version = "0.15.0"
source = "registry+https://github.com/rust-lang/crates.io-index"
checksum = "9dddfe21863f8d600ed2bd1096cb9b5cd6ff984be6185cf9d563fb4a107bffc5"
dependencies = [
 "rxml",
]

[[package]]
name = "pin-project-lite"
version = "0.2.9"
source = "registry+https://github.com/rust-lang/crates.io-index"
checksum = "e0a7ae3ac2f1173085d398531c705756c94a4c56843785df85a60c1a0afac116"

[[package]]
name = "proc-macro2"
version = "1.0.46"
source = "registry+https://github.com/rust-lang/crates.io-index"
checksum = "94e2ef8dbfc347b10c094890f778ee2e36ca9bb4262e86dc99cd217e35f3470b"
dependencies = [
 "unicode-ident",
]

[[package]]
name = "quote"
version = "1.0.21"
source = "registry+https://github.com/rust-lang/crates.io-index"
checksum = "bbe448f377a7d6961e30f5955f9b8d106c3f5e449d493ee1b125c1d43c2b5179"
dependencies = [
 "proc-macro2",
]

[[package]]
name = "rxml"
version = "0.8.1"
source = "registry+https://github.com/rust-lang/crates.io-index"
checksum = "8c7c4cd1e0a04c48f953473383a60143884515b7a8eb7ca7d9b1baa9c05dee75"
dependencies = [
 "bytes",
 "pin-project-lite",
 "rxml_validation",
 "smartstring",
 "tokio",
]

[[package]]
name = "rxml_validation"
version = "0.8.1"
source = "registry+https://github.com/rust-lang/crates.io-index"
checksum = "a8633dff4bb93061867c8411c6e99068c5f59d9f890c87384169004b0fbb929a"

[[package]]
name = "serde"
version = "1.0.145"
source = "registry+https://github.com/rust-lang/crates.io-index"
checksum = "728eb6351430bccb993660dfffc5a72f91ccc1295abaa8ce19b27ebe4f75568b"
dependencies = [
 "serde_derive",
]

[[package]]
name = "serde_derive"
version = "1.0.145"
source = "registry+https://github.com/rust-lang/crates.io-index"
checksum = "81fa1584d3d1bcacd84c277a0dfe21f5b0f6accf4a23d04d4c6d61f1af522b4c"
dependencies = [
 "proc-macro2",
 "quote",
 "syn",
]

[[package]]
name = "smartstring"
version = "0.2.10"
source = "registry+https://github.com/rust-lang/crates.io-index"
checksum = "e714dff2b33f2321fdcd475b71cec79781a692d846f37f415fb395a1d2bcd48e"
dependencies = [
 "static_assertions",
]

[[package]]
name = "static_assertions"
version = "1.1.0"
source = "registry+https://github.com/rust-lang/crates.io-index"
checksum = "a2eb9349b6444b326872e140eb1cf5e7c522154d69e7a0ffb0fb81c06b37543f"

[[package]]
name = "syn"
version = "1.0.102"
source = "registry+https://github.com/rust-lang/crates.io-index"
checksum = "3fcd952facd492f9be3ef0d0b7032a6e442ee9b361d4acc2b1d0c4aaa5f613a1"
dependencies = [
 "proc-macro2",
 "quote",
 "unicode-ident",
]

[[package]]
name = "tokio"
version = "1.21.2"
source = "registry+https://github.com/rust-lang/crates.io-index"
checksum = "a9e03c497dc955702ba729190dc4aac6f2a0ce97f913e5b1b5912fc5039d9099"
dependencies = [
 "autocfg",
 "bytes",
 "memchr",
 "pin-project-lite",
]

[[package]]
name = "toml"
version = "0.5.9"
source = "registry+https://github.com/rust-lang/crates.io-index"
checksum = "8d82e1a7758622a465f8cee077614c73484dac5b836c02ff6a40d5d1010324d7"
dependencies = [
 "serde",
]

[[package]]
name = "unchecked_unwrap"
version = "4.0.0"
source = "registry+https://github.com/rust-lang/crates.io-index"
checksum = "3225965522cd8ec8a857c1496adf6c17ecb9c0de554a09dbdaa89080bbb74088"

[[package]]
name = "unicode-ident"
version = "1.0.5"
source = "registry+https://github.com/rust-lang/crates.io-index"
checksum = "6ceab39d59e4c9499d4e5a8ee0e2735b891bb7308ac83dfb4e80cad195c9f6f3"

[[package]]
name = "urlencoding"
version = "2.1.2"
source = "registry+https://github.com/rust-lang/crates.io-index"
checksum = "e8db7427f936968176eaa7cdf81b7f98b980b18495ec28f1b5791ac3bfe3eea9"

[[package]]
name = "xjbutil"
version = "0.8.0"
source = "registry+https://github.com/rust-lang/crates.io-index"
checksum = "805d7795bf3275166b0b93e589cf6d6e739470a986d372c0f7445fafc56cfa51"
dependencies = [
 "unchecked_unwrap",
]

[[package]]
name = "xml-http-response"
version = "0.1.0"
dependencies = [
 "minidom",
 "serde",
 "toml",
 "urlencoding",
 "xjbutil",
]
